
Microsoft Visual Studio Solution File, Format Version 12.00
# Visual Studio Version 17
VisualStudioVersion = 17.0.31903.59
MinimumVisualStudioVersion = 10.0.40219.1
Project("{2150E333-8FDC-42A3-9474-1A3956D46DE8}") = "Common", "Common", "{F1EAD0FB-306C-4F4A-841C-31AE0B110EC7}"
EndProject
Project("{FAE04EC0-301F-11D3-BF4B-00C04F79EFBC}") = "Common.DAL", "Common\Common.DAL\Common.DAL.csproj", "{D9EB7789-BAA7-4EC1-8FCF-CEC9DA2188DA}"
EndProject
Project("{FAE04EC0-301F-11D3-BF4B-00C04F79EFBC}") = "Common.App", "Common\Common.App\Common.App.csproj", "{9052C93E-01B9-408C-8D36-C596E6ADEF50}"
EndProject
Project("{FAE04EC0-301F-11D3-BF4B-00C04F79EFBC}") = "Common.Core", "Common\Common.Core\Common.Core.csproj", "{616F78EF-B17F-42F0-B3E7-6FC37516C39A}"
EndProject
Project("{FAE04EC0-301F-11D3-BF4B-00C04F79EFBC}") = "Common.Api", "Common\Common.Api\Common.Api.csproj", "{DAED495A-0894-40C5-830D-8C581F08A159}"
EndProject
Project("{2150E333-8FDC-42A3-9474-1A3956D46DE8}") = "Users", "Users", "{49CF52E7-2CA0-4791-AFA1-D9438A123CA0}"
EndProject
Project("{FAE04EC0-301F-11D3-BF4B-00C04F79EFBC}") = "Users.Core", "Users\Users.Core\Users.Core.csproj", "{8996F2D4-04B8-44E0-B8E5-B463C3AA71EF}"
EndProject
Project("{FAE04EC0-301F-11D3-BF4B-00C04F79EFBC}") = "Users.App", "Users\Users.App\Users.App.csproj", "{3CF911F9-9A65-4B7A-91F2-F835497004D1}"
EndProject
Project("{FAE04EC0-301F-11D3-BF4B-00C04F79EFBC}") = "Users.Api", "Users\Users.Api\Users.Api.csproj", "{3B6AE287-53BC-4663-BB4F-601A2C86C5BC}"
EndProject
Project("{FAE04EC0-301F-11D3-BF4B-00C04F79EFBC}") = "Users.DAL", "Users\Users.DAL\Users.DAL.csproj", "{9BA0952B-A33D-477C-BFA0-860547FF74BF}"
EndProject
Project("{2150E333-8FDC-42A3-9474-1A3956D46DE8}") = "Quiz", "Quiz", "{1FAC855C-65ED-4552-8794-0BE30A57F483}"
EndProject
Project("{FAE04EC0-301F-11D3-BF4B-00C04F79EFBC}") = "Quiz.Core", "Quiz\Quiz.Core\Quiz.Core.csproj", "{073F0A19-5E2A-42FC-AFF2-A294D8760379}"
EndProject
Project("{FAE04EC0-301F-11D3-BF4B-00C04F79EFBC}") = "Quiz.App", "Quiz\Quiz.App\Quiz.App.csproj", "{3F18CF93-45D3-4B1C-8863-81526665DEEF}"
EndProject
Project("{FAE04EC0-301F-11D3-BF4B-00C04F79EFBC}") = "Quiz.Api", "Quiz\Quiz.Api\Quiz.Api.csproj", "{1677A714-A033-4E46-8C97-6E0EE087BF10}"
EndProject
Project("{FAE04EC0-301F-11D3-BF4B-00C04F79EFBC}") = "Quiz.DAL", "Quiz\Quiz.DAL\Quiz.DAL.csproj", "{1DE69D9B-11AD-4122-A676-5159285AC1C8}"
EndProject
Project("{FAE04EC0-301F-11D3-BF4B-00C04F79EFBC}") = "App", "App\App.csproj", "{4A039BF6-B0D5-4E9A-BAF0-C9810C667BA2}"
EndProject
Project("{FAE04EC0-301F-11D3-BF4B-00C04F79EFBC}") = "Common", "Common\Common\Common.csproj", "{75684502-F7E3-421D-8961-358FDC296C4F}"
EndProject
Project("{FAE04EC0-301F-11D3-BF4B-00C04F79EFBC}") = "Common.Tests", "Common\Common.Tests\Common.Tests.csproj", "{41A426C6-943B-47B3-B267-27C0FEF1AA59}"
EndProject
Project("{FAE04EC0-301F-11D3-BF4B-00C04F79EFBC}") = "Common.App.Tests", "Common\Common.App.Tests\Common.App.Tests.csproj", "{C9105F66-0C46-4054-8C17-3F2CD483433E}"
EndProject
Project("{FAE04EC0-301F-11D3-BF4B-00C04F79EFBC}") = "Common.Api.Tests", "Common\Common.Api.Tests\Common.Api.Tests.csproj", "{5603142B-FF45-435C-9033-31500FE7BD2F}"
EndProject
Project("{FAE04EC0-301F-11D3-BF4B-00C04F79EFBC}") = "Common.Core.Tests", "Common\Common.Core.Tests\Common.Core.Tests.csproj", "{5F97FA03-E259-4827-9D55-8709FDBC8997}"
EndProject
Project("{FAE04EC0-301F-11D3-BF4B-00C04F79EFBC}") = "Common.DAL.Tests", "Common\Common.DAL.Tests\Common.DAL.Tests.csproj", "{DEB7BE3B-6676-42F5-9F73-470024CFAD55}"
EndProject
Project("{FAE04EC0-301F-11D3-BF4B-00C04F79EFBC}") = "Users", "Users\Users\Users.csproj", "{430F860F-A470-4640-ADBD-F2511E40FE66}"
EndProject
Global
	GlobalSection(SolutionConfigurationPlatforms) = preSolution
		Debug|Any CPU = Debug|Any CPU
		Release|Any CPU = Release|Any CPU
	EndGlobalSection
	GlobalSection(SolutionProperties) = preSolution
		HideSolutionNode = FALSE
	EndGlobalSection
	GlobalSection(ProjectConfigurationPlatforms) = postSolution
		{D9EB7789-BAA7-4EC1-8FCF-CEC9DA2188DA}.Debug|Any CPU.ActiveCfg = Debug|Any CPU
		{D9EB7789-BAA7-4EC1-8FCF-CEC9DA2188DA}.Debug|Any CPU.Build.0 = Debug|Any CPU
		{D9EB7789-BAA7-4EC1-8FCF-CEC9DA2188DA}.Release|Any CPU.ActiveCfg = Release|Any CPU
		{D9EB7789-BAA7-4EC1-8FCF-CEC9DA2188DA}.Release|Any CPU.Build.0 = Release|Any CPU
		{9052C93E-01B9-408C-8D36-C596E6ADEF50}.Debug|Any CPU.ActiveCfg = Debug|Any CPU
		{9052C93E-01B9-408C-8D36-C596E6ADEF50}.Debug|Any CPU.Build.0 = Debug|Any CPU
		{9052C93E-01B9-408C-8D36-C596E6ADEF50}.Release|Any CPU.ActiveCfg = Release|Any CPU
		{9052C93E-01B9-408C-8D36-C596E6ADEF50}.Release|Any CPU.Build.0 = Release|Any CPU
		{616F78EF-B17F-42F0-B3E7-6FC37516C39A}.Debug|Any CPU.ActiveCfg = Debug|Any CPU
		{616F78EF-B17F-42F0-B3E7-6FC37516C39A}.Debug|Any CPU.Build.0 = Debug|Any CPU
		{616F78EF-B17F-42F0-B3E7-6FC37516C39A}.Release|Any CPU.ActiveCfg = Release|Any CPU
		{616F78EF-B17F-42F0-B3E7-6FC37516C39A}.Release|Any CPU.Build.0 = Release|Any CPU
		{DAED495A-0894-40C5-830D-8C581F08A159}.Debug|Any CPU.ActiveCfg = Debug|Any CPU
		{DAED495A-0894-40C5-830D-8C581F08A159}.Debug|Any CPU.Build.0 = Debug|Any CPU
		{DAED495A-0894-40C5-830D-8C581F08A159}.Release|Any CPU.ActiveCfg = Release|Any CPU
		{DAED495A-0894-40C5-830D-8C581F08A159}.Release|Any CPU.Build.0 = Release|Any CPU
		{8996F2D4-04B8-44E0-B8E5-B463C3AA71EF}.Debug|Any CPU.ActiveCfg = Debug|Any CPU
		{8996F2D4-04B8-44E0-B8E5-B463C3AA71EF}.Debug|Any CPU.Build.0 = Debug|Any CPU
		{8996F2D4-04B8-44E0-B8E5-B463C3AA71EF}.Release|Any CPU.ActiveCfg = Release|Any CPU
		{8996F2D4-04B8-44E0-B8E5-B463C3AA71EF}.Release|Any CPU.Build.0 = Release|Any CPU
		{3CF911F9-9A65-4B7A-91F2-F835497004D1}.Debug|Any CPU.ActiveCfg = Debug|Any CPU
		{3CF911F9-9A65-4B7A-91F2-F835497004D1}.Debug|Any CPU.Build.0 = Debug|Any CPU
		{3CF911F9-9A65-4B7A-91F2-F835497004D1}.Release|Any CPU.ActiveCfg = Release|Any CPU
		{3CF911F9-9A65-4B7A-91F2-F835497004D1}.Release|Any CPU.Build.0 = Release|Any CPU
		{3B6AE287-53BC-4663-BB4F-601A2C86C5BC}.Debug|Any CPU.ActiveCfg = Debug|Any CPU
		{3B6AE287-53BC-4663-BB4F-601A2C86C5BC}.Debug|Any CPU.Build.0 = Debug|Any CPU
		{3B6AE287-53BC-4663-BB4F-601A2C86C5BC}.Release|Any CPU.ActiveCfg = Release|Any CPU
		{3B6AE287-53BC-4663-BB4F-601A2C86C5BC}.Release|Any CPU.Build.0 = Release|Any CPU
		{9BA0952B-A33D-477C-BFA0-860547FF74BF}.Debug|Any CPU.ActiveCfg = Debug|Any CPU
		{9BA0952B-A33D-477C-BFA0-860547FF74BF}.Debug|Any CPU.Build.0 = Debug|Any CPU
		{9BA0952B-A33D-477C-BFA0-860547FF74BF}.Release|Any CPU.ActiveCfg = Release|Any CPU
		{9BA0952B-A33D-477C-BFA0-860547FF74BF}.Release|Any CPU.Build.0 = Release|Any CPU
		{073F0A19-5E2A-42FC-AFF2-A294D8760379}.Debug|Any CPU.ActiveCfg = Debug|Any CPU
		{073F0A19-5E2A-42FC-AFF2-A294D8760379}.Debug|Any CPU.Build.0 = Debug|Any CPU
		{073F0A19-5E2A-42FC-AFF2-A294D8760379}.Release|Any CPU.ActiveCfg = Release|Any CPU
		{073F0A19-5E2A-42FC-AFF2-A294D8760379}.Release|Any CPU.Build.0 = Release|Any CPU
		{3F18CF93-45D3-4B1C-8863-81526665DEEF}.Debug|Any CPU.ActiveCfg = Debug|Any CPU
		{3F18CF93-45D3-4B1C-8863-81526665DEEF}.Debug|Any CPU.Build.0 = Debug|Any CPU
		{3F18CF93-45D3-4B1C-8863-81526665DEEF}.Release|Any CPU.ActiveCfg = Release|Any CPU
		{3F18CF93-45D3-4B1C-8863-81526665DEEF}.Release|Any CPU.Build.0 = Release|Any CPU
		{1677A714-A033-4E46-8C97-6E0EE087BF10}.Debug|Any CPU.ActiveCfg = Debug|Any CPU
		{1677A714-A033-4E46-8C97-6E0EE087BF10}.Debug|Any CPU.Build.0 = Debug|Any CPU
		{1677A714-A033-4E46-8C97-6E0EE087BF10}.Release|Any CPU.ActiveCfg = Release|Any CPU
		{1677A714-A033-4E46-8C97-6E0EE087BF10}.Release|Any CPU.Build.0 = Release|Any CPU
		{1DE69D9B-11AD-4122-A676-5159285AC1C8}.Debug|Any CPU.ActiveCfg = Debug|Any CPU
		{1DE69D9B-11AD-4122-A676-5159285AC1C8}.Debug|Any CPU.Build.0 = Debug|Any CPU
		{1DE69D9B-11AD-4122-A676-5159285AC1C8}.Release|Any CPU.ActiveCfg = Release|Any CPU
		{1DE69D9B-11AD-4122-A676-5159285AC1C8}.Release|Any CPU.Build.0 = Release|Any CPU
		{4A039BF6-B0D5-4E9A-BAF0-C9810C667BA2}.Debug|Any CPU.ActiveCfg = Debug|Any CPU
		{4A039BF6-B0D5-4E9A-BAF0-C9810C667BA2}.Debug|Any CPU.Build.0 = Debug|Any CPU
		{4A039BF6-B0D5-4E9A-BAF0-C9810C667BA2}.Release|Any CPU.ActiveCfg = Release|Any CPU
		{4A039BF6-B0D5-4E9A-BAF0-C9810C667BA2}.Release|Any CPU.Build.0 = Release|Any CPU
		{75684502-F7E3-421D-8961-358FDC296C4F}.Debug|Any CPU.ActiveCfg = Debug|Any CPU
		{75684502-F7E3-421D-8961-358FDC296C4F}.Debug|Any CPU.Build.0 = Debug|Any CPU
		{75684502-F7E3-421D-8961-358FDC296C4F}.Release|Any CPU.ActiveCfg = Release|Any CPU
		{75684502-F7E3-421D-8961-358FDC296C4F}.Release|Any CPU.Build.0 = Release|Any CPU
		{41A426C6-943B-47B3-B267-27C0FEF1AA59}.Debug|Any CPU.ActiveCfg = Debug|Any CPU
		{41A426C6-943B-47B3-B267-27C0FEF1AA59}.Debug|Any CPU.Build.0 = Debug|Any CPU
		{41A426C6-943B-47B3-B267-27C0FEF1AA59}.Release|Any CPU.ActiveCfg = Release|Any CPU
		{41A426C6-943B-47B3-B267-27C0FEF1AA59}.Release|Any CPU.Build.0 = Release|Any CPU
		{C9105F66-0C46-4054-8C17-3F2CD483433E}.Debug|Any CPU.ActiveCfg = Debug|Any CPU
		{C9105F66-0C46-4054-8C17-3F2CD483433E}.Debug|Any CPU.Build.0 = Debug|Any CPU
		{C9105F66-0C46-4054-8C17-3F2CD483433E}.Release|Any CPU.ActiveCfg = Release|Any CPU
		{C9105F66-0C46-4054-8C17-3F2CD483433E}.Release|Any CPU.Build.0 = Release|Any CPU
		{5603142B-FF45-435C-9033-31500FE7BD2F}.Debug|Any CPU.ActiveCfg = Debug|Any CPU
		{5603142B-FF45-435C-9033-31500FE7BD2F}.Debug|Any CPU.Build.0 = Debug|Any CPU
		{5603142B-FF45-435C-9033-31500FE7BD2F}.Release|Any CPU.ActiveCfg = Release|Any CPU
		{5603142B-FF45-435C-9033-31500FE7BD2F}.Release|Any CPU.Build.0 = Release|Any CPU
		{5F97FA03-E259-4827-9D55-8709FDBC8997}.Debug|Any CPU.ActiveCfg = Debug|Any CPU
		{5F97FA03-E259-4827-9D55-8709FDBC8997}.Debug|Any CPU.Build.0 = Debug|Any CPU
		{5F97FA03-E259-4827-9D55-8709FDBC8997}.Release|Any CPU.ActiveCfg = Release|Any CPU
		{5F97FA03-E259-4827-9D55-8709FDBC8997}.Release|Any CPU.Build.0 = Release|Any CPU
		{DEB7BE3B-6676-42F5-9F73-470024CFAD55}.Debug|Any CPU.ActiveCfg = Debug|Any CPU
		{DEB7BE3B-6676-42F5-9F73-470024CFAD55}.Debug|Any CPU.Build.0 = Debug|Any CPU
		{DEB7BE3B-6676-42F5-9F73-470024CFAD55}.Release|Any CPU.ActiveCfg = Release|Any CPU
		{DEB7BE3B-6676-42F5-9F73-470024CFAD55}.Release|Any CPU.Build.0 = Release|Any CPU
		{430F860F-A470-4640-ADBD-F2511E40FE66}.Debug|Any CPU.ActiveCfg = Debug|Any CPU
		{430F860F-A470-4640-ADBD-F2511E40FE66}.Debug|Any CPU.Build.0 = Debug|Any CPU
		{430F860F-A470-4640-ADBD-F2511E40FE66}.Release|Any CPU.ActiveCfg = Release|Any CPU
		{430F860F-A470-4640-ADBD-F2511E40FE66}.Release|Any CPU.Build.0 = Release|Any CPU
	EndGlobalSection
	GlobalSection(NestedProjects) = preSolution
		{D9EB7789-BAA7-4EC1-8FCF-CEC9DA2188DA} = {F1EAD0FB-306C-4F4A-841C-31AE0B110EC7}
		{9052C93E-01B9-408C-8D36-C596E6ADEF50} = {F1EAD0FB-306C-4F4A-841C-31AE0B110EC7}
		{616F78EF-B17F-42F0-B3E7-6FC37516C39A} = {F1EAD0FB-306C-4F4A-841C-31AE0B110EC7}
		{DAED495A-0894-40C5-830D-8C581F08A159} = {F1EAD0FB-306C-4F4A-841C-31AE0B110EC7}
		{8996F2D4-04B8-44E0-B8E5-B463C3AA71EF} = {49CF52E7-2CA0-4791-AFA1-D9438A123CA0}
		{3CF911F9-9A65-4B7A-91F2-F835497004D1} = {49CF52E7-2CA0-4791-AFA1-D9438A123CA0}
		{3B6AE287-53BC-4663-BB4F-601A2C86C5BC} = {49CF52E7-2CA0-4791-AFA1-D9438A123CA0}
		{9BA0952B-A33D-477C-BFA0-860547FF74BF} = {49CF52E7-2CA0-4791-AFA1-D9438A123CA0}
		{073F0A19-5E2A-42FC-AFF2-A294D8760379} = {1FAC855C-65ED-4552-8794-0BE30A57F483}
		{3F18CF93-45D3-4B1C-8863-81526665DEEF} = {1FAC855C-65ED-4552-8794-0BE30A57F483}
		{1677A714-A033-4E46-8C97-6E0EE087BF10} = {1FAC855C-65ED-4552-8794-0BE30A57F483}
		{1DE69D9B-11AD-4122-A676-5159285AC1C8} = {1FAC855C-65ED-4552-8794-0BE30A57F483}
		{75684502-F7E3-421D-8961-358FDC296C4F} = {F1EAD0FB-306C-4F4A-841C-31AE0B110EC7}
		{41A426C6-943B-47B3-B267-27C0FEF1AA59} = {F1EAD0FB-306C-4F4A-841C-31AE0B110EC7}
		{C9105F66-0C46-4054-8C17-3F2CD483433E} = {F1EAD0FB-306C-4F4A-841C-31AE0B110EC7}
		{5603142B-FF45-435C-9033-31500FE7BD2F} = {F1EAD0FB-306C-4F4A-841C-31AE0B110EC7}
		{5F97FA03-E259-4827-9D55-8709FDBC8997} = {F1EAD0FB-306C-4F4A-841C-31AE0B110EC7}
		{DEB7BE3B-6676-42F5-9F73-470024CFAD55} = {F1EAD0FB-306C-4F4A-841C-31AE0B110EC7}
		{430F860F-A470-4640-ADBD-F2511E40FE66} = {49CF52E7-2CA0-4791-AFA1-D9438A123CA0}
	EndGlobalSection
EndGlobal
